// !$*UTF8*$!
{
	archiveVersion = 1;
	classes = {
	};
	objectVersion = 48;
	objects = {

/* Begin PBXBuildFile section */
		6005B4101F14C23F00966D70 /* AppDelegate.swift in Sources */ = {isa = PBXBuildFile; fileRef = 6005B40F1F14C23F00966D70 /* AppDelegate.swift */; };
		6005B4151F14C23F00966D70 /* Main.storyboard in Resources */ = {isa = PBXBuildFile; fileRef = 6005B4131F14C23F00966D70 /* Main.storyboard */; };
		6005B4171F14C23F00966D70 /* Assets.xcassets in Resources */ = {isa = PBXBuildFile; fileRef = 6005B4161F14C23F00966D70 /* Assets.xcassets */; };
		6005B41A1F14C23F00966D70 /* LaunchScreen.storyboard in Resources */ = {isa = PBXBuildFile; fileRef = 6005B4181F14C23F00966D70 /* LaunchScreen.storyboard */; };
		6021A2F81F14DAD80033CA12 /* ToDoItemTests.swift in Sources */ = {isa = PBXBuildFile; fileRef = 6021A2F71F14DA3E0033CA12 /* ToDoItemTests.swift */; };
		6021A2FB1F14DCC00033CA12 /* ToDoItem.swift in Sources */ = {isa = PBXBuildFile; fileRef = 6021A2FA1F14DCC00033CA12 /* ToDoItem.swift */; };
		603858981F1612A900333630 /* ItemManagerTests.swift in Sources */ = {isa = PBXBuildFile; fileRef = 603858971F1612A900333630 /* ItemManagerTests.swift */; };
		6038589A1F16141700333630 /* ItemManager.swift in Sources */ = {isa = PBXBuildFile; fileRef = 603858991F16141700333630 /* ItemManager.swift */; };
		604476BE1F1F41CA0005A028 /* ItemCellTests.swift in Sources */ = {isa = PBXBuildFile; fileRef = 604476BD1F1F41CA0005A028 /* ItemCellTests.swift */; };
		606F6FC61F1DC99900C86ABA /* ItemListDataProviderTests.swift in Sources */ = {isa = PBXBuildFile; fileRef = 606F6FC51F1DC99900C86ABA /* ItemListDataProviderTests.swift */; };
		606F6FC81F1E019500C86ABA /* ItemCell.swift in Sources */ = {isa = PBXBuildFile; fileRef = 606F6FC71F1E019500C86ABA /* ItemCell.swift */; };
		607FC39B1F18BF1900C9B293 /* ItemListViewControllerTest.swift in Sources */ = {isa = PBXBuildFile; fileRef = 607FC39A1F18BF1900C9B293 /* ItemListViewControllerTest.swift */; };
		607FC39E1F18C06100C9B293 /* ItemListViewController.swift in Sources */ = {isa = PBXBuildFile; fileRef = 607FC39D1F18C06100C9B293 /* ItemListViewController.swift */; };
		608768CB1F1C76590091E6E5 /* ItemListDataProvider.swift in Sources */ = {isa = PBXBuildFile; fileRef = 608768CA1F1C76590091E6E5 /* ItemListDataProvider.swift */; };
		60E224031F1601B8009638AE /* Location.swift in Sources */ = {isa = PBXBuildFile; fileRef = 60E224021F1601B8009638AE /* Location.swift */; };
		60E224051F160B8D009638AE /* LocationTests.swift in Sources */ = {isa = PBXBuildFile; fileRef = 60E224041F160B8D009638AE /* LocationTests.swift */; };
/* End PBXBuildFile section */

/* Begin PBXContainerItemProxy section */
		6005B4211F14C24000966D70 /* PBXContainerItemProxy */ = {
			isa = PBXContainerItemProxy;
			containerPortal = 6005B4041F14C23F00966D70 /* Project object */;
			proxyType = 1;
			remoteGlobalIDString = 6005B40B1F14C23F00966D70;
			remoteInfo = ToDo;
		};
/* End PBXContainerItemProxy section */

/* Begin PBXFileReference section */
		6005B40C1F14C23F00966D70 /* ToDo.app */ = {isa = PBXFileReference; explicitFileType = wrapper.application; includeInIndex = 0; path = ToDo.app; sourceTree = BUILT_PRODUCTS_DIR; };
		6005B40F1F14C23F00966D70 /* AppDelegate.swift */ = {isa = PBXFileReference; lastKnownFileType = sourcecode.swift; path = AppDelegate.swift; sourceTree = "<group>"; };
		6005B4141F14C23F00966D70 /* Base */ = {isa = PBXFileReference; lastKnownFileType = file.storyboard; name = Base; path = Base.lproj/Main.storyboard; sourceTree = "<group>"; };
		6005B4161F14C23F00966D70 /* Assets.xcassets */ = {isa = PBXFileReference; lastKnownFileType = folder.assetcatalog; path = Assets.xcassets; sourceTree = "<group>"; };
		6005B4191F14C23F00966D70 /* Base */ = {isa = PBXFileReference; lastKnownFileType = file.storyboard; name = Base; path = Base.lproj/LaunchScreen.storyboard; sourceTree = "<group>"; };
		6005B41B1F14C23F00966D70 /* Info.plist */ = {isa = PBXFileReference; lastKnownFileType = text.plist.xml; path = Info.plist; sourceTree = "<group>"; };
		6005B4201F14C24000966D70 /* ToDoTests.xctest */ = {isa = PBXFileReference; explicitFileType = wrapper.cfbundle; includeInIndex = 0; path = ToDoTests.xctest; sourceTree = BUILT_PRODUCTS_DIR; };
		6005B4261F14C24000966D70 /* Info.plist */ = {isa = PBXFileReference; lastKnownFileType = text.plist.xml; path = Info.plist; sourceTree = "<group>"; };
		6021A2F71F14DA3E0033CA12 /* ToDoItemTests.swift */ = {isa = PBXFileReference; lastKnownFileType = sourcecode.swift; path = ToDoItemTests.swift; sourceTree = "<group>"; };
		6021A2FA1F14DCC00033CA12 /* ToDoItem.swift */ = {isa = PBXFileReference; lastKnownFileType = sourcecode.swift; path = ToDoItem.swift; sourceTree = "<group>"; };
		603858971F1612A900333630 /* ItemManagerTests.swift */ = {isa = PBXFileReference; lastKnownFileType = sourcecode.swift; path = ItemManagerTests.swift; sourceTree = "<group>"; };
		603858991F16141700333630 /* ItemManager.swift */ = {isa = PBXFileReference; lastKnownFileType = sourcecode.swift; path = ItemManager.swift; sourceTree = "<group>"; };
		604476BD1F1F41CA0005A028 /* ItemCellTests.swift */ = {isa = PBXFileReference; lastKnownFileType = sourcecode.swift; path = ItemCellTests.swift; sourceTree = "<group>"; };
		606F6FC51F1DC99900C86ABA /* ItemListDataProviderTests.swift */ = {isa = PBXFileReference; lastKnownFileType = sourcecode.swift; path = ItemListDataProviderTests.swift; sourceTree = "<group>"; };
		606F6FC71F1E019500C86ABA /* ItemCell.swift */ = {isa = PBXFileReference; lastKnownFileType = sourcecode.swift; path = ItemCell.swift; sourceTree = "<group>"; };
		607FC39A1F18BF1900C9B293 /* ItemListViewControllerTest.swift */ = {isa = PBXFileReference; lastKnownFileType = sourcecode.swift; path = ItemListViewControllerTest.swift; sourceTree = "<group>"; };
		607FC39D1F18C06100C9B293 /* ItemListViewController.swift */ = {isa = PBXFileReference; lastKnownFileType = sourcecode.swift; path = ItemListViewController.swift; sourceTree = "<group>"; };
		608768CA1F1C76590091E6E5 /* ItemListDataProvider.swift */ = {isa = PBXFileReference; lastKnownFileType = sourcecode.swift; path = ItemListDataProvider.swift; sourceTree = "<group>"; };
		60E224021F1601B8009638AE /* Location.swift */ = {isa = PBXFileReference; lastKnownFileType = sourcecode.swift; path = Location.swift; sourceTree = "<group>"; };
		60E224041F160B8D009638AE /* LocationTests.swift */ = {isa = PBXFileReference; lastKnownFileType = sourcecode.swift; path = LocationTests.swift; sourceTree = "<group>"; };
/* End PBXFileReference section */

/* Begin PBXFrameworksBuildPhase section */
		6005B4091F14C23F00966D70 /* Frameworks */ = {
			isa = PBXFrameworksBuildPhase;
			buildActionMask = 2147483647;
			files = (
			);
			runOnlyForDeploymentPostprocessing = 0;
		};
		6005B41D1F14C24000966D70 /* Frameworks */ = {
			isa = PBXFrameworksBuildPhase;
			buildActionMask = 2147483647;
			files = (
			);
			runOnlyForDeploymentPostprocessing = 0;
		};
/* End PBXFrameworksBuildPhase section */

/* Begin PBXGroup section */
		6005B4031F14C23F00966D70 = {
			isa = PBXGroup;
			children = (
				6005B40E1F14C23F00966D70 /* ToDo */,
				6005B4231F14C24000966D70 /* ToDoTests */,
				6005B40D1F14C23F00966D70 /* Products */,
			);
			sourceTree = "<group>";
		};
		6005B40D1F14C23F00966D70 /* Products */ = {
			isa = PBXGroup;
			children = (
				6005B40C1F14C23F00966D70 /* ToDo.app */,
				6005B4201F14C24000966D70 /* ToDoTests.xctest */,
			);
			name = Products;
			sourceTree = "<group>";
		};
		6005B40E1F14C23F00966D70 /* ToDo */ = {
			isa = PBXGroup;
			children = (
				607FC39C1F18C03E00C9B293 /* Controller */,
				6021A2F91F14DCA80033CA12 /* Model */,
				6005B40F1F14C23F00966D70 /* AppDelegate.swift */,
				6005B4131F14C23F00966D70 /* Main.storyboard */,
				6005B4161F14C23F00966D70 /* Assets.xcassets */,
				6005B4181F14C23F00966D70 /* LaunchScreen.storyboard */,
				6005B41B1F14C23F00966D70 /* Info.plist */,
			);
			path = ToDo;
			sourceTree = "<group>";
		};
		6005B4231F14C24000966D70 /* ToDoTests */ = {
			isa = PBXGroup;
			children = (
				607FC3991F18BF0C00C9B293 /* Controller */,
				6021A2F61F14DA3E0033CA12 /* Model */,
				6005B4261F14C24000966D70 /* Info.plist */,
			);
			path = ToDoTests;
			sourceTree = "<group>";
		};
		6021A2F61F14DA3E0033CA12 /* Model */ = {
			isa = PBXGroup;
			children = (
				6021A2F71F14DA3E0033CA12 /* ToDoItemTests.swift */,
				60E224041F160B8D009638AE /* LocationTests.swift */,
				603858971F1612A900333630 /* ItemManagerTests.swift */,
			);
			path = Model;
			sourceTree = "<group>";
		};
		6021A2F91F14DCA80033CA12 /* Model */ = {
			isa = PBXGroup;
			children = (
				6021A2FA1F14DCC00033CA12 /* ToDoItem.swift */,
				60E224021F1601B8009638AE /* Location.swift */,
				603858991F16141700333630 /* ItemManager.swift */,
			);
			path = Model;
			sourceTree = "<group>";
		};
		607FC3991F18BF0C00C9B293 /* Controller */ = {
			isa = PBXGroup;
			children = (
				607FC39A1F18BF1900C9B293 /* ItemListViewControllerTest.swift */,
				606F6FC51F1DC99900C86ABA /* ItemListDataProviderTests.swift */,
				604476BD1F1F41CA0005A028 /* ItemCellTests.swift */,
			);
			path = Controller;
			sourceTree = "<group>";
		};
		607FC39C1F18C03E00C9B293 /* Controller */ = {
			isa = PBXGroup;
			children = (
				607FC39D1F18C06100C9B293 /* ItemListViewController.swift */,
				608768CA1F1C76590091E6E5 /* ItemListDataProvider.swift */,
				606F6FC71F1E019500C86ABA /* ItemCell.swift */,
			);
			path = Controller;
			sourceTree = "<group>";
		};
/* End PBXGroup section */

/* Begin PBXNativeTarget section */
		6005B40B1F14C23F00966D70 /* ToDo */ = {
			isa = PBXNativeTarget;
			buildConfigurationList = 6005B4291F14C24000966D70 /* Build configuration list for PBXNativeTarget "ToDo" */;
			buildPhases = (
				6005B4081F14C23F00966D70 /* Sources */,
				6005B4091F14C23F00966D70 /* Frameworks */,
				6005B40A1F14C23F00966D70 /* Resources */,
			);
			buildRules = (
			);
			dependencies = (
			);
			name = ToDo;
			productName = ToDo;
			productReference = 6005B40C1F14C23F00966D70 /* ToDo.app */;
			productType = "com.apple.product-type.application";
		};
		6005B41F1F14C24000966D70 /* ToDoTests */ = {
			isa = PBXNativeTarget;
			buildConfigurationList = 6005B42C1F14C24000966D70 /* Build configuration list for PBXNativeTarget "ToDoTests" */;
			buildPhases = (
				6005B41C1F14C24000966D70 /* Sources */,
				6005B41D1F14C24000966D70 /* Frameworks */,
				6005B41E1F14C24000966D70 /* Resources */,
			);
			buildRules = (
			);
			dependencies = (
				6005B4221F14C24000966D70 /* PBXTargetDependency */,
			);
			name = ToDoTests;
			productName = ToDoTests;
			productReference = 6005B4201F14C24000966D70 /* ToDoTests.xctest */;
			productType = "com.apple.product-type.bundle.unit-test";
		};
/* End PBXNativeTarget section */

/* Begin PBXProject section */
		6005B4041F14C23F00966D70 /* Project object */ = {
			isa = PBXProject;
			attributes = {
				LastSwiftUpdateCheck = 0900;
				LastUpgradeCheck = 0900;
				TargetAttributes = {
					6005B40B1F14C23F00966D70 = {
						CreatedOnToolsVersion = 9.0;
					};
					6005B41F1F14C24000966D70 = {
						CreatedOnToolsVersion = 9.0;
						TestTargetID = 6005B40B1F14C23F00966D70;
					};
				};
			};
			buildConfigurationList = 6005B4071F14C23F00966D70 /* Build configuration list for PBXProject "ToDo" */;
			compatibilityVersion = "Xcode 8.0";
			developmentRegion = en;
			hasScannedForEncodings = 0;
			knownRegions = (
				en,
				Base,
			);
			mainGroup = 6005B4031F14C23F00966D70;
			productRefGroup = 6005B40D1F14C23F00966D70 /* Products */;
			projectDirPath = "";
			projectRoot = "";
			targets = (
				6005B40B1F14C23F00966D70 /* ToDo */,
				6005B41F1F14C24000966D70 /* ToDoTests */,
			);
		};
/* End PBXProject section */

/* Begin PBXResourcesBuildPhase section */
		6005B40A1F14C23F00966D70 /* Resources */ = {
			isa = PBXResourcesBuildPhase;
			buildActionMask = 2147483647;
			files = (
				6005B41A1F14C23F00966D70 /* LaunchScreen.storyboard in Resources */,
				6005B4171F14C23F00966D70 /* Assets.xcassets in Resources */,
				6005B4151F14C23F00966D70 /* Main.storyboard in Resources */,
			);
			runOnlyForDeploymentPostprocessing = 0;
		};
		6005B41E1F14C24000966D70 /* Resources */ = {
			isa = PBXResourcesBuildPhase;
			buildActionMask = 2147483647;
			files = (
			);
			runOnlyForDeploymentPostprocessing = 0;
		};
/* End PBXResourcesBuildPhase section */

/* Begin PBXSourcesBuildPhase section */
		6005B4081F14C23F00966D70 /* Sources */ = {
			isa = PBXSourcesBuildPhase;
			buildActionMask = 2147483647;
			files = (
				6038589A1F16141700333630 /* ItemManager.swift in Sources */,
				608768CB1F1C76590091E6E5 /* ItemListDataProvider.swift in Sources */,
				6005B4101F14C23F00966D70 /* AppDelegate.swift in Sources */,
				60E224031F1601B8009638AE /* Location.swift in Sources */,
				606F6FC81F1E019500C86ABA /* ItemCell.swift in Sources */,
				6021A2FB1F14DCC00033CA12 /* ToDoItem.swift in Sources */,
				607FC39E1F18C06100C9B293 /* ItemListViewController.swift in Sources */,
			);
			runOnlyForDeploymentPostprocessing = 0;
		};
		6005B41C1F14C24000966D70 /* Sources */ = {
			isa = PBXSourcesBuildPhase;
			buildActionMask = 2147483647;
			files = (
				604476BE1F1F41CA0005A028 /* ItemCellTests.swift in Sources */,
				606F6FC61F1DC99900C86ABA /* ItemListDataProviderTests.swift in Sources */,
				603858981F1612A900333630 /* ItemManagerTests.swift in Sources */,
				60E224051F160B8D009638AE /* LocationTests.swift in Sources */,
				607FC39B1F18BF1900C9B293 /* ItemListViewControllerTest.swift in Sources */,
				6021A2F81F14DAD80033CA12 /* ToDoItemTests.swift in Sources */,
			);
			runOnlyForDeploymentPostprocessing = 0;
		};
/* End PBXSourcesBuildPhase section */

/* Begin PBXTargetDependency section */
		6005B4221F14C24000966D70 /* PBXTargetDependency */ = {
			isa = PBXTargetDependency;
			target = 6005B40B1F14C23F00966D70 /* ToDo */;
			targetProxy = 6005B4211F14C24000966D70 /* PBXContainerItemProxy */;
		};
/* End PBXTargetDependency section */

/* Begin PBXVariantGroup section */
		6005B4131F14C23F00966D70 /* Main.storyboard */ = {
			isa = PBXVariantGroup;
			children = (
				6005B4141F14C23F00966D70 /* Base */,
			);
			name = Main.storyboard;
			sourceTree = "<group>";
		};
		6005B4181F14C23F00966D70 /* LaunchScreen.storyboard */ = {
			isa = PBXVariantGroup;
			children = (
				6005B4191F14C23F00966D70 /* Base */,
			);
			name = LaunchScreen.storyboard;
			sourceTree = "<group>";
		};
/* End PBXVariantGroup section */

/* Begin XCBuildConfiguration section */
		6005B4271F14C24000966D70 /* Debug */ = {
			isa = XCBuildConfiguration;
			buildSettings = {
				ALWAYS_SEARCH_USER_PATHS = NO;
				CLANG_ANALYZER_NONNULL = YES;
				CLANG_ANALYZER_NUMBER_OBJECT_CONVERSION = YES_AGGRESSIVE;
				CLANG_CXX_LANGUAGE_STANDARD = "gnu++14";
				CLANG_CXX_LIBRARY = "libc++";
				CLANG_ENABLE_MODULES = YES;
				CLANG_ENABLE_OBJC_ARC = YES;
				CLANG_WARN_BLOCK_CAPTURE_AUTORELEASING = YES;
				CLANG_WARN_BOOL_CONVERSION = YES;
				CLANG_WARN_COMMA = YES;
				CLANG_WARN_CONSTANT_CONVERSION = YES;
				CLANG_WARN_DIRECT_OBJC_ISA_USAGE = YES_ERROR;
				CLANG_WARN_DOCUMENTATION_COMMENTS = YES;
				CLANG_WARN_EMPTY_BODY = YES;
				CLANG_WARN_ENUM_CONVERSION = YES;
				CLANG_WARN_INFINITE_RECURSION = YES;
				CLANG_WARN_INT_CONVERSION = YES;
				CLANG_WARN_OBJC_ROOT_CLASS = YES_ERROR;
				CLANG_WARN_RANGE_LOOP_ANALYSIS = YES;
				CLANG_WARN_STRICT_PROTOTYPES = YES;
				CLANG_WARN_SUSPICIOUS_MOVE = YES;
				CLANG_WARN_UNGUARDED_AVAILABILITY = YES_AGGRESSIVE;
				CLANG_WARN_UNREACHABLE_CODE = YES;
				CLANG_WARN__DUPLICATE_METHOD_MATCH = YES;
				CODE_SIGN_IDENTITY = "iPhone Developer";
				COPY_PHASE_STRIP = NO;
				DEBUG_INFORMATION_FORMAT = dwarf;
				ENABLE_STRICT_OBJC_MSGSEND = YES;
				ENABLE_TESTABILITY = YES;
				GCC_C_LANGUAGE_STANDARD = gnu11;
				GCC_DYNAMIC_NO_PIC = NO;
				GCC_NO_COMMON_BLOCKS = YES;
				GCC_OPTIMIZATION_LEVEL = 0;
				GCC_PREPROCESSOR_DEFINITIONS = (
					"DEBUG=1",
					"$(inherited)",
				);
				GCC_WARN_64_TO_32_BIT_CONVERSION = YES;
				GCC_WARN_ABOUT_RETURN_TYPE = YES_ERROR;
				GCC_WARN_UNDECLARED_SELECTOR = YES;
				GCC_WARN_UNINITIALIZED_AUTOS = YES_AGGRESSIVE;
				GCC_WARN_UNUSED_FUNCTION = YES;
				GCC_WARN_UNUSED_VARIABLE = YES;
				IPHONEOS_DEPLOYMENT_TARGET = 11.0;
				MTL_ENABLE_DEBUG_INFO = YES;
				ONLY_ACTIVE_ARCH = YES;
				SDKROOT = iphoneos;
				SWIFT_ACTIVE_COMPILATION_CONDITIONS = DEBUG;
				SWIFT_OPTIMIZATION_LEVEL = "-Onone";
			};
			name = Debug;
		};
		6005B4281F14C24000966D70 /* Release */ = {
			isa = XCBuildConfiguration;
			buildSettings = {
				ALWAYS_SEARCH_USER_PATHS = NO;
				CLANG_ANALYZER_NONNULL = YES;
				CLANG_ANALYZER_NUMBER_OBJECT_CONVERSION = YES_AGGRESSIVE;
				CLANG_CXX_LANGUAGE_STANDARD = "gnu++14";
				CLANG_CXX_LIBRARY = "libc++";
				CLANG_ENABLE_MODULES = YES;
				CLANG_ENABLE_OBJC_ARC = YES;
				CLANG_WARN_BLOCK_CAPTURE_AUTORELEASING = YES;
				CLANG_WARN_BOOL_CONVERSION = YES;
				CLANG_WARN_COMMA = YES;
				CLANG_WARN_CONSTANT_CONVERSION = YES;
				CLANG_WARN_DIRECT_OBJC_ISA_USAGE = YES_ERROR;
				CLANG_WARN_DOCUMENTATION_COMMENTS = YES;
				CLANG_WARN_EMPTY_BODY = YES;
				CLANG_WARN_ENUM_CONVERSION = YES;
				CLANG_WARN_INFINITE_RECURSION = YES;
				CLANG_WARN_INT_CONVERSION = YES;
				CLANG_WARN_OBJC_ROOT_CLASS = YES_ERROR;
				CLANG_WARN_RANGE_LOOP_ANALYSIS = YES;
				CLANG_WARN_STRICT_PROTOTYPES = YES;
				CLANG_WARN_SUSPICIOUS_MOVE = YES;
				CLANG_WARN_UNGUARDED_AVAILABILITY = YES_AGGRESSIVE;
				CLANG_WARN_UNREACHABLE_CODE = YES;
				CLANG_WARN__DUPLICATE_METHOD_MATCH = YES;
				CODE_SIGN_IDENTITY = "iPhone Developer";
				COPY_PHASE_STRIP = NO;
				DEBUG_INFORMATION_FORMAT = "dwarf-with-dsym";
				ENABLE_NS_ASSERTIONS = NO;
				ENABLE_STRICT_OBJC_MSGSEND = YES;
				GCC_C_LANGUAGE_STANDARD = gnu11;
				GCC_NO_COMMON_BLOCKS = YES;
				GCC_WARN_64_TO_32_BIT_CONVERSION = YES;
				GCC_WARN_ABOUT_RETURN_TYPE = YES_ERROR;
				GCC_WARN_UNDECLARED_SELECTOR = YES;
				GCC_WARN_UNINITIALIZED_AUTOS = YES_AGGRESSIVE;
				GCC_WARN_UNUSED_FUNCTION = YES;
				GCC_WARN_UNUSED_VARIABLE = YES;
				IPHONEOS_DEPLOYMENT_TARGET = 11.0;
				MTL_ENABLE_DEBUG_INFO = NO;
				SDKROOT = iphoneos;
				SWIFT_OPTIMIZATION_LEVEL = "-Owholemodule";
				VALIDATE_PRODUCT = YES;
			};
			name = Release;
		};
		6005B42A1F14C24000966D70 /* Debug */ = {
			isa = XCBuildConfiguration;
			buildSettings = {
				ASSETCATALOG_COMPILER_APPICON_NAME = AppIcon;
				INFOPLIST_FILE = ToDo/Info.plist;
				LD_RUNPATH_SEARCH_PATHS = "$(inherited) @executable_path/Frameworks";
				PRODUCT_BUNDLE_IDENTIFIER = demo.ToDo;
				PRODUCT_NAME = "$(TARGET_NAME)";
				SWIFT_VERSION = 4.0;
				TARGETED_DEVICE_FAMILY = "1,2";
			};
			name = Debug;
		};
		6005B42B1F14C24000966D70 /* Release */ = {
			isa = XCBuildConfiguration;
			buildSettings = {
				ASSETCATALOG_COMPILER_APPICON_NAME = AppIcon;
				INFOPLIST_FILE = ToDo/Info.plist;
				LD_RUNPATH_SEARCH_PATHS = "$(inherited) @executable_path/Frameworks";
				PRODUCT_BUNDLE_IDENTIFIER = demo.ToDo;
				PRODUCT_NAME = "$(TARGET_NAME)";
				SWIFT_VERSION = 4.0;
				TARGETED_DEVICE_FAMILY = "1,2";
			};
			name = Release;
		};
		6005B42D1F14C24000966D70 /* Debug */ = {
			isa = XCBuildConfiguration;
			buildSettings = {
				ALWAYS_EMBED_SWIFT_STANDARD_LIBRARIES = YES;
				BUNDLE_LOADER = "$(TEST_HOST)";
				INFOPLIST_FILE = ToDoTests/Info.plist;
				LD_RUNPATH_SEARCH_PATHS = "$(inherited) @executable_path/Frameworks @loader_path/Frameworks";
				PRODUCT_BUNDLE_IDENTIFIER = demo.ToDoTests;
				PRODUCT_NAME = "$(TARGET_NAME)";
				SWIFT_VERSION = 4.0;
				TARGETED_DEVICE_FAMILY = "1,2";
				TEST_HOST = "$(BUILT_PRODUCTS_DIR)/ToDo.app/ToDo";
			};
			name = Debug;
		};
		6005B42E1F14C24000966D70 /* Release */ = {
			isa = XCBuildConfiguration;
			buildSettings = {
				ALWAYS_EMBED_SWIFT_STANDARD_LIBRARIES = YES;
				BUNDLE_LOADER = "$(TEST_HOST)";
				INFOPLIST_FILE = ToDoTests/Info.plist;
				LD_RUNPATH_SEARCH_PATHS = "$(inherited) @executable_path/Frameworks @loader_path/Frameworks";
				PRODUCT_BUNDLE_IDENTIFIER = demo.ToDoTests;
				PRODUCT_NAME = "$(TARGET_NAME)";
				SWIFT_VERSION = 4.0;
				TARGETED_DEVICE_FAMILY = "1,2";
				TEST_HOST = "$(BUILT_PRODUCTS_DIR)/ToDo.app/ToDo";
			};
			name = Release;
		};
/* End XCBuildConfiguration section */

/* Begin XCConfigurationList section */
		6005B4071F14C23F00966D70 /* Build configuration list for PBXProject "ToDo" */ = {
			isa = XCConfigurationList;
			buildConfigurations = (
				6005B4271F14C24000966D70 /* Debug */,
				6005B4281F14C24000966D70 /* Release */,
			);
			defaultConfigurationIsVisible = 0;
			defaultConfigurationName = Release;
		};
		6005B4291F14C24000966D70 /* Build configuration list for PBXNativeTarget "ToDo" */ = {
			isa = XCConfigurationList;
			buildConfigurations = (
				6005B42A1F14C24000966D70 /* Debug */,
				6005B42B1F14C24000966D70 /* Release */,
			);
			defaultConfigurationIsVisible = 0;
			defaultConfigurationName = Release;
		};
		6005B42C1F14C24000966D70 /* Build configuration list for PBXNativeTarget "ToDoTests" */ = {
			isa = XCConfigurationList;
			buildConfigurations = (
				6005B42D1F14C24000966D70 /* Debug */,
				6005B42E1F14C24000966D70 /* Release */,
			);
			defaultConfigurationIsVisible = 0;
			defaultConfigurationName = Release;
		};
/* End XCConfigurationList section */
	};
	rootObject = 6005B4041F14C23F00966D70 /* Project object */;
}
